
Microsoft Visual Studio Solution File, Format Version 12.00
# Visual Studio Version 16
VisualStudioVersion = 16.0.30114.105
MinimumVisualStudioVersion = 10.0.40219.1
Project("{9A19103F-16F7-4668-BE54-9A1E7A4F7556}") = "sonorous", "sonorous\sonorous.csproj", "{D2731401-32B1-4121-91DF-3553BE9D1A42}"
EndProject
Project("{FAE04EC0-301F-11D3-BF4B-00C04F79EFBC}") = "sonorous.Datalayer", "sonorous.Datalayer\sonorous.Datalayer.csproj", "{243940D0-7125-49B1-B978-DF8305DEB58F}"
EndProject
Project("{FAE04EC0-301F-11D3-BF4B-00C04F79EFBC}") = "sonorous.Core", "sonorous.Core\sonorous.Core.csproj", "{709061D8-DFF9-452E-9FDD-211FF18062E2}"
EndProject
Global
	GlobalSection(SolutionConfigurationPlatforms) = preSolution
		Debug|Any CPU = Debug|Any CPU
		Release|Any CPU = Release|Any CPU
	EndGlobalSection
	GlobalSection(ProjectConfigurationPlatforms) = postSolution
		{D2731401-32B1-4121-91DF-3553BE9D1A42}.Debug|Any CPU.ActiveCfg = Debug|Any CPU
		{D2731401-32B1-4121-91DF-3553BE9D1A42}.Debug|Any CPU.Build.0 = Debug|Any CPU
		{D2731401-32B1-4121-91DF-3553BE9D1A42}.Release|Any CPU.ActiveCfg = Release|Any CPU
		{D2731401-32B1-4121-91DF-3553BE9D1A42}.Release|Any CPU.Build.0 = Release|Any CPU
		{243940D0-7125-49B1-B978-DF8305DEB58F}.Debug|Any CPU.ActiveCfg = Debug|Any CPU
		{243940D0-7125-49B1-B978-DF8305DEB58F}.Debug|Any CPU.Build.0 = Debug|Any CPU
		{243940D0-7125-49B1-B978-DF8305DEB58F}.Release|Any CPU.ActiveCfg = Release|Any CPU
		{243940D0-7125-49B1-B978-DF8305DEB58F}.Release|Any CPU.Build.0 = Release|Any CPU
		{709061D8-DFF9-452E-9FDD-211FF18062E2}.Debug|Any CPU.ActiveCfg = Debug|Any CPU
		{709061D8-DFF9-452E-9FDD-211FF18062E2}.Debug|Any CPU.Build.0 = Debug|Any CPU
		{709061D8-DFF9-452E-9FDD-211FF18062E2}.Release|Any CPU.ActiveCfg = Release|Any CPU
		{709061D8-DFF9-452E-9FDD-211FF18062E2}.Release|Any CPU.Build.0 = Release|Any CPU
	EndGlobalSection
	GlobalSection(SolutionProperties) = preSolution
		HideSolutionNode = FALSE
	EndGlobalSection
	GlobalSection(ExtensibilityGlobals) = postSolution
		SolutionGuid = {979919BF-2308-40D3-9ABE-C343E2D754C3}
	EndGlobalSection
EndGlobal
